
Microsoft Visual Studio Solution File, Format Version 12.00
# Visual Studio Version 16
VisualStudioVersion = 16.0.30002.166
MinimumVisualStudioVersion = 10.0.40219.1
Project("{FAE04EC0-301F-11D3-BF4B-00C04F79EFBC}") = "BobaShop", "BobaShop\BobaShop.csproj", "{F37A9C1B-02D5-47B5-A503-54222F79AAC2}"
EndProject
Global
	GlobalSection(SolutionConfigurationPlatforms) = preSolution
		Debug|Any CPU = Debug|Any CPU
		Release|Any CPU = Release|Any CPU
	EndGlobalSection
	GlobalSection(ProjectConfigurationPlatforms) = postSolution
		{F37A9C1B-02D5-47B5-A503-54222F79AAC2}.Debug|Any CPU.ActiveCfg = Debug|Any CPU
		{F37A9C1B-02D5-47B5-A503-54222F79AAC2}.Debug|Any CPU.Build.0 = Debug|Any CPU
		{F37A9C1B-02D5-47B5-A503-54222F79AAC2}.Release|Any CPU.ActiveCfg = Release|Any CPU
		{F37A9C1B-02D5-47B5-A503-54222F79AAC2}.Release|Any CPU.Build.0 = Release|Any CPU
	EndGlobalSection
	GlobalSection(SolutionProperties) = preSolution
		HideSolutionNode = FALSE
	EndGlobalSection
	GlobalSection(ExtensibilityGlobals) = postSolution
		SolutionGuid = {2B9BF28D-30A0-490A-8F3D-39259EAFA6CF}
	EndGlobalSection
EndGlobal
